{
  "nodes": {
    "libocispecSrc": {
      "flake": false,
      "locked": {
        "lastModified": 1778662070,
        "narHash": "sha256-qaV8UjA9xnjyr4R746X4aKHSZpJLjL+9zKnq7DdMXi4=",
        "ref": "refs/heads/main",
        "rev": "8034d0ecd27f646ba3ffae5ff24db234ce062825",
        "revCount": 535,
        "submodules": true,
        "type": "git",
        "url": "https://github.com/containers/libocispec"
      },
      "original": {
        "rev": "8034d0ecd27f646ba3ffae5ff24db234ce062825",
        "submodules": true,
        "type": "git",
        "url": "https://github.com/containers/libocispec"
      }
    },
    "nixpkgs": {
      "locked": {
        "lastModified": 1774106199,
        "narHash": "sha256-US5Tda2sKmjrg2lNHQL3jRQ6p96cgfWh3J1QBliQ8Ws=",
        "owner": "nixos",
        "repo": "nixpkgs",
        "rev": "6c9a78c09ff4d6c21d0319114873508a6ec01655",
        "type": "github"
      },
      "original": {
        "owner": "nixos",
        "ref": "nixos-unstable",
        "repo": "nixpkgs",
        "type": "github"
      }
    },
    "root": {
      "inputs": {
        "libocispecSrc": "libocispecSrc",
        "nixpkgs": "nixpkgs"
      }
    }
  },
  "root": "root",
  "version": 7
}
